
Microsoft Visual Studio Solution File, Format Version 12.00
# Visual Studio Version 16
VisualStudioVersion = 16.0.31702.278
MinimumVisualStudioVersion = 10.0.40219.1
Project("{FAE04EC0-301F-11D3-BF4B-00C04F79EFBC}") = "Lab2", "Lab2\Lab2.csproj", "{510B2499-0479-4376-8ADE-DDD66A6B06CC}"
EndProject
Global
	GlobalSection(SolutionConfigurationPlatforms) = preSolution
		Debug|Any CPU = Debug|Any CPU
		Release|Any CPU = Release|Any CPU
	EndGlobalSection
	GlobalSection(ProjectConfigurationPlatforms) = postSolution
		{510B2499-0479-4376-8ADE-DDD66A6B06CC}.Debug|Any CPU.ActiveCfg = Debug|Any CPU
		{510B2499-0479-4376-8ADE-DDD66A6B06CC}.Debug|Any CPU.Build.0 = Debug|Any CPU
		{510B2499-0479-4376-8ADE-DDD66A6B06CC}.Release|Any CPU.ActiveCfg = Release|Any CPU
		{510B2499-0479-4376-8ADE-DDD66A6B06CC}.Release|Any CPU.Build.0 = Release|Any CPU
	EndGlobalSection
	GlobalSection(SolutionProperties) = preSolution
		HideSolutionNode = FALSE
	EndGlobalSection
	GlobalSection(ExtensibilityGlobals) = postSolution
		SolutionGuid = {177D05DC-41D2-4E82-9058-68E0230D3ACB}
	EndGlobalSection
EndGlobal
